
Microsoft Visual Studio Solution File, Format Version 12.00
# Visual Studio Version 16
VisualStudioVersion = 16.0.30104.148
MinimumVisualStudioVersion = 10.0.40219.1
Project("{FAE04EC0-301F-11D3-BF4B-00C04F79EFBC}") = "Blackjack_Dezhi", "Blackjack_Dezhi.csproj", "{F8BFB8CF-CD76-448C-B989-A388130F9733}"
EndProject
Global
	GlobalSection(SolutionConfigurationPlatforms) = preSolution
		Debug|Any CPU = Debug|Any CPU
		Release|Any CPU = Release|Any CPU
	EndGlobalSection
	GlobalSection(ProjectConfigurationPlatforms) = postSolution
		{F8BFB8CF-CD76-448C-B989-A388130F9733}.Debug|Any CPU.ActiveCfg = Debug|Any CPU
		{F8BFB8CF-CD76-448C-B989-A388130F9733}.Debug|Any CPU.Build.0 = Debug|Any CPU
		{F8BFB8CF-CD76-448C-B989-A388130F9733}.Release|Any CPU.ActiveCfg = Release|Any CPU
		{F8BFB8CF-CD76-448C-B989-A388130F9733}.Release|Any CPU.Build.0 = Release|Any CPU
	EndGlobalSection
	GlobalSection(SolutionProperties) = preSolution
		HideSolutionNode = FALSE
	EndGlobalSection
	GlobalSection(ExtensibilityGlobals) = postSolution
		SolutionGuid = {042ADBF1-5BB4-4BE2-9F16-F145FB28AE11}
	EndGlobalSection
EndGlobal
